{
  "nodes": {
    "flakelight": {
      "inputs": {
        "nixpkgs": [
          "nixpkgs"
        ]
      },
      "locked": {
        "lastModified": 1790623664,
        "narHash": "sha256-+d80Xmj91Jsg7YmFHtt5iQ+jYKHQ69f7ZwPgSyh6qFc=",
        "owner": "nix-community",
        "repo": "flakelight",
        "rev": "8a8ef0c483ef537ede0fbd1e64586918078dffb8",
        "type": "github"
      },
      "original": {
        "owner": "nix-community",
        "repo": "flakelight",
        "type": "github"
      }
    },
    "nixpkgs": {
      "locked": {
        "lastModified": 1791179034,
        "narHash": "sha256-Ni0LBydzaCi8oek12r4mVreuFHqYlM1eTD6SfiENKfw=",
        "owner": "NixOS",
        "repo": "nixpkgs",
        "rev": "494ce7fd23ff6a5dff39e1fb11e9b6f2ac74bf25",
        "type": "github"
      },
      "original": {
        "owner": "NixOS",
        "ref": "nixos-unstable",
        "repo": "nixpkgs",
        "type": "github"
      }
    },
    "root": {
      "inputs": {
        "flakelight": "flakelight",
        "nixpkgs": "nixpkgs",
        "subprojects-libfunnel": "subprojects-libfunnel",
        "subprojects-pipewire-static": "subprojects-pipewire-static",
        "subprojects-spoutdxtoc": "subprojects-spoutdxtoc"
      }
    },
    "subprojects-libfunnel": {
      "flake": false,
      "locked": {
        "path": "subprojects/libfunnel",
        "type": "path"
      },
      "original": {
        "path": "subprojects/libfunnel",
        "type": "path"
      },
      "parent": []
    },
    "subprojects-pipewire-static": {
      "flake": false,
      "locked": {
        "path": "subprojects/pipewire-static",
        "type": "path"
      },
      "original": {
        "path": "subprojects/pipewire-static",
        "type": "path"
      },
      "parent": []
    },
    "subprojects-spoutdxtoc": {
      "flake": false,
      "locked": {
        "path": "subprojects/spoutdxtoc",
        "type": "path"
      },
      "original": {
        "path": "subprojects/spoutdxtoc",
        "type": "path"
      },
      "parent": []
    }
  },
  "root": "root",
  "version": 7
}
